
Microsoft Visual Studio Solution File, Format Version 12.00
# Visual Studio 14
VisualStudioVersion = 14.0.25420.1
MinimumVisualStudioVersion = 10.0.40219.1
Project("{FAE04EC0-301F-11D3-BF4B-00C04F79EFBC}") = "IoC.StateMachine", "QuipuStateMachine\IoC.StateMachine.csproj", "{7FF5859A-B989-4DBD-9548-8822DC5C221B}"
EndProject
Project("{FAE04EC0-301F-11D3-BF4B-00C04F79EFBC}") = "QuipuStateMachine.Tests", "QuipuStateMachine.Tests\QuipuStateMachine.Tests.csproj", "{537BB308-4D1D-45D8-ADF5-02F7EFAC27D5}"
EndProject
Global
	GlobalSection(SolutionConfigurationPlatforms) = preSolution
		Debug|Any CPU = Debug|Any CPU
		Release|Any CPU = Release|Any CPU
	EndGlobalSection
	GlobalSection(ProjectConfigurationPlatforms) = postSolution
		{7FF5859A-B989-4DBD-9548-8822DC5C221B}.Debug|Any CPU.ActiveCfg = Debug|Any CPU
		{7FF5859A-B989-4DBD-9548-8822DC5C221B}.Debug|Any CPU.Build.0 = Debug|Any CPU
		{7FF5859A-B989-4DBD-9548-8822DC5C221B}.Release|Any CPU.ActiveCfg = Release|Any CPU
		{7FF5859A-B989-4DBD-9548-8822DC5C221B}.Release|Any CPU.Build.0 = Release|Any CPU
		{537BB308-4D1D-45D8-ADF5-02F7EFAC27D5}.Debug|Any CPU.ActiveCfg = Debug|Any CPU
		{537BB308-4D1D-45D8-ADF5-02F7EFAC27D5}.Debug|Any CPU.Build.0 = Debug|Any CPU
		{537BB308-4D1D-45D8-ADF5-02F7EFAC27D5}.Release|Any CPU.ActiveCfg = Release|Any CPU
		{537BB308-4D1D-45D8-ADF5-02F7EFAC27D5}.Release|Any CPU.Build.0 = Release|Any CPU
	EndGlobalSection
	GlobalSection(SolutionProperties) = preSolution
		HideSolutionNode = FALSE
	EndGlobalSection
EndGlobal
